
Microsoft Visual Studio Solution File, Format Version 12.00
# Visual Studio Version 17
VisualStudioVersion = 17.3.32825.248
MinimumVisualStudioVersion = 10.0.40219.1
Project("{8BC9CEB8-8B4A-11D0-8D11-00A0C91BC942}") = "ServerT", "ServerT\ServerT.vcxproj", "{C7DEFF8F-58FD-4601-BCDA-3617CC9D876E}"
EndProject
Global
	GlobalSection(SolutionConfigurationPlatforms) = preSolution
		Debug|x64 = Debug|x64
		Debug|x86 = Debug|x86
		Release|x64 = Release|x64
		Release|x86 = Release|x86
	EndGlobalSection
	GlobalSection(ProjectConfigurationPlatforms) = postSolution
		{C7DEFF8F-58FD-4601-BCDA-3617CC9D876E}.Debug|x64.ActiveCfg = Debug|x64
		{C7DEFF8F-58FD-4601-BCDA-3617CC9D876E}.Debug|x64.Build.0 = Debug|x64
		{C7DEFF8F-58FD-4601-BCDA-3617CC9D876E}.Debug|x86.ActiveCfg = Debug|Win32
		{C7DEFF8F-58FD-4601-BCDA-3617CC9D876E}.Debug|x86.Build.0 = Debug|Win32
		{C7DEFF8F-58FD-4601-BCDA-3617CC9D876E}.Release|x64.ActiveCfg = Release|x64
		{C7DEFF8F-58FD-4601-BCDA-3617CC9D876E}.Release|x64.Build.0 = Release|x64
		{C7DEFF8F-58FD-4601-BCDA-3617CC9D876E}.Release|x86.ActiveCfg = Release|Win32
		{C7DEFF8F-58FD-4601-BCDA-3617CC9D876E}.Release|x86.Build.0 = Release|Win32
	EndGlobalSection
	GlobalSection(SolutionProperties) = preSolution
		HideSolutionNode = FALSE
	EndGlobalSection
	GlobalSection(ExtensibilityGlobals) = postSolution
		SolutionGuid = {C9FA98C4-5E1B-4CD0-AB09-1468B9219AF9}
	EndGlobalSection
EndGlobal
